
Microsoft Visual Studio Solution File, Format Version 12.00
Project("{FAE04EC0-301F-11D3-BF4B-00C04F79EFBC}") = "MeteorInboundExample", "MeteorInboundExample.csproj", "{0877AA88-DC90-4A92-9D8A-8F1D97FB6ABC}"
EndProject
Global
	GlobalSection(SolutionConfigurationPlatforms) = preSolution
		Debug|Any CPU = Debug|Any CPU
		Release|Any CPU = Release|Any CPU
	EndGlobalSection
	GlobalSection(ProjectConfigurationPlatforms) = postSolution
		{0877AA88-DC90-4A92-9D8A-8F1D97FB6ABC}.Debug|Any CPU.ActiveCfg = Debug|Any CPU
		{0877AA88-DC90-4A92-9D8A-8F1D97FB6ABC}.Debug|Any CPU.Build.0 = Debug|Any CPU
		{0877AA88-DC90-4A92-9D8A-8F1D97FB6ABC}.Release|Any CPU.ActiveCfg = Release|Any CPU
		{0877AA88-DC90-4A92-9D8A-8F1D97FB6ABC}.Release|Any CPU.Build.0 = Release|Any CPU
	EndGlobalSection
EndGlobal
